
Microsoft Visual Studio Solution File, Format Version 12.00
# Visual Studio Version 17
VisualStudioVersion = 17.4.33110.190
MinimumVisualStudioVersion = 10.0.40219.1
Project("{FAE04EC0-301F-11D3-BF4B-00C04F79EFBC}") = "Test_WebApplication1", "Test_WebApplication1\Test_WebApplication1.csproj", "{D8675030-AD20-4068-8F99-ED78CCA06325}"
EndProject
Global
	GlobalSection(SolutionConfigurationPlatforms) = preSolution
		Debug|Any CPU = Debug|Any CPU
		Release|Any CPU = Release|Any CPU
	EndGlobalSection
	GlobalSection(ProjectConfigurationPlatforms) = postSolution
		{D8675030-AD20-4068-8F99-ED78CCA06325}.Debug|Any CPU.ActiveCfg = Debug|Any CPU
		{D8675030-AD20-4068-8F99-ED78CCA06325}.Debug|Any CPU.Build.0 = Debug|Any CPU
		{D8675030-AD20-4068-8F99-ED78CCA06325}.Release|Any CPU.ActiveCfg = Release|Any CPU
		{D8675030-AD20-4068-8F99-ED78CCA06325}.Release|Any CPU.Build.0 = Release|Any CPU
	EndGlobalSection
	GlobalSection(SolutionProperties) = preSolution
		HideSolutionNode = FALSE
	EndGlobalSection
	GlobalSection(ExtensibilityGlobals) = postSolution
		SolutionGuid = {FD996803-B1C7-48DE-B456-F69C1B0FDE90}
	EndGlobalSection
EndGlobal
